
Microsoft Visual Studio Solution File, Format Version 12.00
# Visual Studio Version 17
VisualStudioVersion = 17.10.35122.118
MinimumVisualStudioVersion = 10.0.40219.1
Project("{9A19103F-16F7-4668-BE54-9A1E7A4F7556}") = "AccesoDatos", "AccesoDatos\AccesoDatos.csproj", "{7971C8EF-3853-4C84-BD49-7D56A1C6BCB8}"
EndProject
Project("{9A19103F-16F7-4668-BE54-9A1E7A4F7556}") = "Entidades", "Entidades\Entidades.csproj", "{D42E0AD0-3B8F-432E-A70A-969214DD5543}"
EndProject
Project("{9A19103F-16F7-4668-BE54-9A1E7A4F7556}") = "LogicaNegocio", "LogicaNegocio\LogicaNegocio.csproj", "{7C031828-684B-4C57-9CB1-0F15EE998786}"
EndProject
Project("{9A19103F-16F7-4668-BE54-9A1E7A4F7556}") = "RutinasWebApi", "LoteriaWebApi\RutinasWebApi.csproj", "{1E6C1FAE-F47F-426E-AF9D-8CEA44947DD5}"
EndProject
Global
	GlobalSection(SolutionConfigurationPlatforms) = preSolution
		Debug|Any CPU = Debug|Any CPU
		Release|Any CPU = Release|Any CPU
	EndGlobalSection
	GlobalSection(ProjectConfigurationPlatforms) = postSolution
		{7971C8EF-3853-4C84-BD49-7D56A1C6BCB8}.Debug|Any CPU.ActiveCfg = Debug|Any CPU
		{7971C8EF-3853-4C84-BD49-7D56A1C6BCB8}.Debug|Any CPU.Build.0 = Debug|Any CPU
		{7971C8EF-3853-4C84-BD49-7D56A1C6BCB8}.Release|Any CPU.ActiveCfg = Release|Any CPU
		{7971C8EF-3853-4C84-BD49-7D56A1C6BCB8}.Release|Any CPU.Build.0 = Release|Any CPU
		{D42E0AD0-3B8F-432E-A70A-969214DD5543}.Debug|Any CPU.ActiveCfg = Debug|Any CPU
		{D42E0AD0-3B8F-432E-A70A-969214DD5543}.Debug|Any CPU.Build.0 = Debug|Any CPU
		{D42E0AD0-3B8F-432E-A70A-969214DD5543}.Release|Any CPU.ActiveCfg = Release|Any CPU
		{D42E0AD0-3B8F-432E-A70A-969214DD5543}.Release|Any CPU.Build.0 = Release|Any CPU
		{7C031828-684B-4C57-9CB1-0F15EE998786}.Debug|Any CPU.ActiveCfg = Debug|Any CPU
		{7C031828-684B-4C57-9CB1-0F15EE998786}.Debug|Any CPU.Build.0 = Debug|Any CPU
		{7C031828-684B-4C57-9CB1-0F15EE998786}.Release|Any CPU.ActiveCfg = Release|Any CPU
		{7C031828-684B-4C57-9CB1-0F15EE998786}.Release|Any CPU.Build.0 = Release|Any CPU
		{1E6C1FAE-F47F-426E-AF9D-8CEA44947DD5}.Debug|Any CPU.ActiveCfg = Debug|Any CPU
		{1E6C1FAE-F47F-426E-AF9D-8CEA44947DD5}.Debug|Any CPU.Build.0 = Debug|Any CPU
		{1E6C1FAE-F47F-426E-AF9D-8CEA44947DD5}.Release|Any CPU.ActiveCfg = Release|Any CPU
		{1E6C1FAE-F47F-426E-AF9D-8CEA44947DD5}.Release|Any CPU.Build.0 = Release|Any CPU
	EndGlobalSection
	GlobalSection(SolutionProperties) = preSolution
		HideSolutionNode = FALSE
	EndGlobalSection
	GlobalSection(ExtensibilityGlobals) = postSolution
		SolutionGuid = {DDCEA636-FB9E-471D-89C7-83114C11C11C}
	EndGlobalSection
EndGlobal
